
Microsoft Visual Studio Solution File, Format Version 12.00
# Visual Studio 15
VisualStudioVersion = 15.0.27428.2027
MinimumVisualStudioVersion = 10.0.40219.1
Project("{9A19103F-16F7-4668-BE54-9A1E7A4F7556}") = "DNIC.Erechtheion", "src\DNIC.Erechtheion\DNIC.Erechtheion.csproj", "{6D89D5A8-52D1-4660-BC68-54D8F2322B9C}"
EndProject
Project("{9A19103F-16F7-4668-BE54-9A1E7A4F7556}") = "DNIC.Erechtheion.Core", "src\DNIC.Erechtheion.Core\DNIC.Erechtheion.Core.csproj", "{C0CE4BBB-C4DC-4E85-893B-A69097D5520C}"
EndProject
Project("{9A19103F-16F7-4668-BE54-9A1E7A4F7556}") = "DNIC.Erechtheion.Application", "src\DNIC.Erechtheion.Application\DNIC.Erechtheion.Application.csproj", "{0DF4CD9B-7E89-466A-9827-99DA9648B84B}"
EndProject
Project("{9A19103F-16F7-4668-BE54-9A1E7A4F7556}") = "DNIC.Erechtheion.Domain", "src\DNIC.Erechtheion.Domain\DNIC.Erechtheion.Domain.csproj", "{04BFE5D4-424E-4CEC-B685-098217169DAC}"
EndProject
Project("{9A19103F-16F7-4668-BE54-9A1E7A4F7556}") = "DNIC.Erechtheion.EntityFrameworkCore", "src\DNIC.Erechtheion.EntityFrameworkCore\DNIC.Erechtheion.EntityFrameworkCore.csproj", "{E2E5F672-DF95-4748-A31F-970588A1DCC9}"
EndProject
Project("{2150E333-8FDC-42A3-9474-1A3956D46DE8}") = "Solution Items", "Solution Items", "{42A7B1ED-421B-48C9-AD88-AA923382EB4D}"
	ProjectSection(SolutionItems) = preProject
		.editorconfig = .editorconfig
		.gitignore = .gitignore
		Design.md = Design.md
		Readme.md = Readme.md
	EndProjectSection
EndProject
Project("{9A19103F-16F7-4668-BE54-9A1E7A4F7556}") = "DNIC.Erechtheion.Application.Service", "src\DNIC.Erechtheion.Application.Service\DNIC.Erechtheion.Application.Service.csproj", "{E648C590-1D08-4B96-8AA4-22F3710E25CE}"
EndProject
Project("{2150E333-8FDC-42A3-9474-1A3956D46DE8}") = "src", "src", "{5D4514D9-6AF1-4E39-B130-A5A3B7B80B0C}"
EndProject
Project("{2150E333-8FDC-42A3-9474-1A3956D46DE8}") = "test", "test", "{B58AB3BB-BFA3-4F88-9EB0-DE6B41A12A15}"
EndProject
Project("{9A19103F-16F7-4668-BE54-9A1E7A4F7556}") = "DNIC.Erechtheion.Tests", "test\DNIC.Erechtheion.Tests\DNIC.Erechtheion.Tests.csproj", "{9FB383D7-D1B8-4060-9D88-143A10484280}"
EndProject
Global
	GlobalSection(SolutionConfigurationPlatforms) = preSolution
		Debug|Any CPU = Debug|Any CPU
		Release|Any CPU = Release|Any CPU
	EndGlobalSection
	GlobalSection(ProjectConfigurationPlatforms) = postSolution
		{6D89D5A8-52D1-4660-BC68-54D8F2322B9C}.Debug|Any CPU.ActiveCfg = Debug|Any CPU
		{6D89D5A8-52D1-4660-BC68-54D8F2322B9C}.Debug|Any CPU.Build.0 = Debug|Any CPU
		{6D89D5A8-52D1-4660-BC68-54D8F2322B9C}.Release|Any CPU.ActiveCfg = Release|Any CPU
		{6D89D5A8-52D1-4660-BC68-54D8F2322B9C}.Release|Any CPU.Build.0 = Release|Any CPU
		{C0CE4BBB-C4DC-4E85-893B-A69097D5520C}.Debug|Any CPU.ActiveCfg = Debug|Any CPU
		{C0CE4BBB-C4DC-4E85-893B-A69097D5520C}.Debug|Any CPU.Build.0 = Debug|Any CPU
		{C0CE4BBB-C4DC-4E85-893B-A69097D5520C}.Release|Any CPU.ActiveCfg = Release|Any CPU
		{C0CE4BBB-C4DC-4E85-893B-A69097D5520C}.Release|Any CPU.Build.0 = Release|Any CPU
		{0DF4CD9B-7E89-466A-9827-99DA9648B84B}.Debug|Any CPU.ActiveCfg = Debug|Any CPU
		{0DF4CD9B-7E89-466A-9827-99DA9648B84B}.Debug|Any CPU.Build.0 = Debug|Any CPU
		{0DF4CD9B-7E89-466A-9827-99DA9648B84B}.Release|Any CPU.ActiveCfg = Release|Any CPU
		{0DF4CD9B-7E89-466A-9827-99DA9648B84B}.Release|Any CPU.Build.0 = Release|Any CPU
		{04BFE5D4-424E-4CEC-B685-098217169DAC}.Debug|Any CPU.ActiveCfg = Debug|Any CPU
		{04BFE5D4-424E-4CEC-B685-098217169DAC}.Debug|Any CPU.Build.0 = Debug|Any CPU
		{04BFE5D4-424E-4CEC-B685-098217169DAC}.Release|Any CPU.ActiveCfg = Release|Any CPU
		{04BFE5D4-424E-4CEC-B685-098217169DAC}.Release|Any CPU.Build.0 = Release|Any CPU
		{E2E5F672-DF95-4748-A31F-970588A1DCC9}.Debug|Any CPU.ActiveCfg = Debug|Any CPU
		{E2E5F672-DF95-4748-A31F-970588A1DCC9}.Debug|Any CPU.Build.0 = Debug|Any CPU
		{E2E5F672-DF95-4748-A31F-970588A1DCC9}.Release|Any CPU.ActiveCfg = Release|Any CPU
		{E2E5F672-DF95-4748-A31F-970588A1DCC9}.Release|Any CPU.Build.0 = Release|Any CPU
		{E648C590-1D08-4B96-8AA4-22F3710E25CE}.Debug|Any CPU.ActiveCfg = Debug|Any CPU
		{E648C590-1D08-4B96-8AA4-22F3710E25CE}.Debug|Any CPU.Build.0 = Debug|Any CPU
		{E648C590-1D08-4B96-8AA4-22F3710E25CE}.Release|Any CPU.ActiveCfg = Release|Any CPU
		{E648C590-1D08-4B96-8AA4-22F3710E25CE}.Release|Any CPU.Build.0 = Release|Any CPU
		{9FB383D7-D1B8-4060-9D88-143A10484280}.Debug|Any CPU.ActiveCfg = Debug|Any CPU
		{9FB383D7-D1B8-4060-9D88-143A10484280}.Debug|Any CPU.Build.0 = Debug|Any CPU
		{9FB383D7-D1B8-4060-9D88-143A10484280}.Release|Any CPU.ActiveCfg = Release|Any CPU
		{9FB383D7-D1B8-4060-9D88-143A10484280}.Release|Any CPU.Build.0 = Release|Any CPU
	EndGlobalSection
	GlobalSection(SolutionProperties) = preSolution
		HideSolutionNode = FALSE
	EndGlobalSection
	GlobalSection(NestedProjects) = preSolution
		{6D89D5A8-52D1-4660-BC68-54D8F2322B9C} = {5D4514D9-6AF1-4E39-B130-A5A3B7B80B0C}
		{C0CE4BBB-C4DC-4E85-893B-A69097D5520C} = {5D4514D9-6AF1-4E39-B130-A5A3B7B80B0C}
		{0DF4CD9B-7E89-466A-9827-99DA9648B84B} = {5D4514D9-6AF1-4E39-B130-A5A3B7B80B0C}
		{04BFE5D4-424E-4CEC-B685-098217169DAC} = {5D4514D9-6AF1-4E39-B130-A5A3B7B80B0C}
		{E2E5F672-DF95-4748-A31F-970588A1DCC9} = {5D4514D9-6AF1-4E39-B130-A5A3B7B80B0C}
		{E648C590-1D08-4B96-8AA4-22F3710E25CE} = {5D4514D9-6AF1-4E39-B130-A5A3B7B80B0C}
		{9FB383D7-D1B8-4060-9D88-143A10484280} = {B58AB3BB-BFA3-4F88-9EB0-DE6B41A12A15}
	EndGlobalSection
	GlobalSection(ExtensibilityGlobals) = postSolution
		SolutionGuid = {41D738A8-6AFD-4A98-B21F-2F68B5251238}
	EndGlobalSection
EndGlobal
